
Microsoft Visual Studio Solution File, Format Version 12.00
# Visual Studio Version 16
VisualStudioVersion = 16.0.29728.190
MinimumVisualStudioVersion = 10.0.40219.1
Project("{FAE04EC0-301F-11D3-BF4B-00C04F79EFBC}") = "PaintTesting", "PaintTesting\PaintTesting.csproj", "{31BB7883-80B0-4111-A146-9C83960CCB7B}"
EndProject
Project("{FAE04EC0-301F-11D3-BF4B-00C04F79EFBC}") = "FrameworkWhite", "FrameworkWhite\FrameworkWhite.csproj", "{11DA049F-FA3C-4293-A495-E2C627EC12D2}"
EndProject
Global
	GlobalSection(SolutionConfigurationPlatforms) = preSolution
		Debug|Any CPU = Debug|Any CPU
		Release|Any CPU = Release|Any CPU
	EndGlobalSection
	GlobalSection(ProjectConfigurationPlatforms) = postSolution
		{31BB7883-80B0-4111-A146-9C83960CCB7B}.Debug|Any CPU.ActiveCfg = Debug|Any CPU
		{31BB7883-80B0-4111-A146-9C83960CCB7B}.Debug|Any CPU.Build.0 = Debug|Any CPU
		{31BB7883-80B0-4111-A146-9C83960CCB7B}.Release|Any CPU.ActiveCfg = Release|Any CPU
		{31BB7883-80B0-4111-A146-9C83960CCB7B}.Release|Any CPU.Build.0 = Release|Any CPU
		{11DA049F-FA3C-4293-A495-E2C627EC12D2}.Debug|Any CPU.ActiveCfg = Debug|Any CPU
		{11DA049F-FA3C-4293-A495-E2C627EC12D2}.Debug|Any CPU.Build.0 = Debug|Any CPU
		{11DA049F-FA3C-4293-A495-E2C627EC12D2}.Release|Any CPU.ActiveCfg = Release|Any CPU
		{11DA049F-FA3C-4293-A495-E2C627EC12D2}.Release|Any CPU.Build.0 = Release|Any CPU
	EndGlobalSection
	GlobalSection(SolutionProperties) = preSolution
		HideSolutionNode = FALSE
	EndGlobalSection
	GlobalSection(ExtensibilityGlobals) = postSolution
		SolutionGuid = {5DC3338C-62BC-4B19-9CB2-7D9D0A9E8B66}
	EndGlobalSection
EndGlobal
